// !$*UTF8*$!
{
	archiveVersion = 1;
	classes = {
	};
	objectVersion = 52;
	objects = {

/* Begin PBXBuildFile section */
		F03F7BF92628C41400E85E8E /* AppDelegate.swift in Sources */ = {isa = PBXBuildFile; fileRef = F03F7BF82628C41400E85E8E /* AppDelegate.swift */; };
		F03F7C022628C41500E85E8E /* Assets.xcassets in Resources */ = {isa = PBXBuildFile; fileRef = F03F7C012628C41500E85E8E /* Assets.xcassets */; };
		F03F7C052628C41500E85E8E /* LaunchScreen.storyboard in Resources */ = {isa = PBXBuildFile; fileRef = F03F7C032628C41500E85E8E /* LaunchScreen.storyboard */; };
		F03F7C1F2628C63E00E85E8E /* Moya in Frameworks */ = {isa = PBXBuildFile; productRef = F03F7C1E2628C63E00E85E8E /* Moya */; };
		F03F7C212628C63E00E85E8E /* RxMoya in Frameworks */ = {isa = PBXBuildFile; productRef = F03F7C202628C63E00E85E8E /* RxMoya */; };
		F03F7C252628C6D400E85E8E /* SnapKit in Frameworks */ = {isa = PBXBuildFile; productRef = F03F7C242628C6D400E85E8E /* SnapKit */; };
		F03F7C282628C70F00E85E8E /* NetworkManager.swift in Sources */ = {isa = PBXBuildFile; fileRef = F03F7C272628C70F00E85E8E /* NetworkManager.swift */; };
		F03F7C452628D8FD00E85E8E /* ViewCodable.swift in Sources */ = {isa = PBXBuildFile; fileRef = F03F7C442628D8FD00E85E8E /* ViewCodable.swift */; };
		F03F7C4A2628DA8F00E85E8E /* View.swift in Sources */ = {isa = PBXBuildFile; fileRef = F03F7C492628DA8F00E85E8E /* View.swift */; };
		F03F7C4F2628DBB100E85E8E /* Controller.swift in Sources */ = {isa = PBXBuildFile; fileRef = F03F7C4E2628DBB100E85E8E /* Controller.swift */; };
		F04132EE262CAAB70085705C /* Coordinator.swift in Sources */ = {isa = PBXBuildFile; fileRef = F04132ED262CAAB70085705C /* Coordinator.swift */; };
		F04132FF262CB30E0085705C /* AppCoordinator.swift in Sources */ = {isa = PBXBuildFile; fileRef = F04132FE262CB30E0085705C /* AppCoordinator.swift */; };
		F0413310262D20300085705C /* CartCoordinator.swift in Sources */ = {isa = PBXBuildFile; fileRef = F041330F262D20300085705C /* CartCoordinator.swift */; };
		F0413318262D20BA0085705C /* CartView.swift in Sources */ = {isa = PBXBuildFile; fileRef = F0413317262D20BA0085705C /* CartView.swift */; };
		F041331B262D22660085705C /* ItemViewModel.swift in Sources */ = {isa = PBXBuildFile; fileRef = F041331A262D22660085705C /* ItemViewModel.swift */; };
		F0413344262E09ED0085705C /* ItemCell.swift in Sources */ = {isa = PBXBuildFile; fileRef = F0413343262E09ED0085705C /* ItemCell.swift */; };
		F08F06CE262E1C9200BD18AF /* CartController.swift in Sources */ = {isa = PBXBuildFile; fileRef = F08F06CD262E1C9200BD18AF /* CartController.swift */; };
		F08F06D2262E1CB900BD18AF /* CartViewModel.swift in Sources */ = {isa = PBXBuildFile; fileRef = F08F06D1262E1CB900BD18AF /* CartViewModel.swift */; };
		F08F06D7262E220500BD18AF /* RxSwift in Frameworks */ = {isa = PBXBuildFile; productRef = F08F06D6262E220500BD18AF /* RxSwift */; };
		F08F06DB262E220500BD18AF /* RxRelay in Frameworks */ = {isa = PBXBuildFile; productRef = F08F06DA262E220500BD18AF /* RxRelay */; };
		F08F06DD262E220500BD18AF /* RxCocoa in Frameworks */ = {isa = PBXBuildFile; productRef = F08F06DC262E220500BD18AF /* RxCocoa */; };
		F08F06DF262E220500BD18AF /* RxBlocking in Frameworks */ = {isa = PBXBuildFile; productRef = F08F06DE262E220500BD18AF /* RxBlocking */; };
		F0AC98262630E89000DF1EA2 /* Item.swift in Sources */ = {isa = PBXBuildFile; fileRef = F0AC98252630E89000DF1EA2 /* Item.swift */; };
		F0AC98292630EDC300DF1EA2 /* Repository.swift in Sources */ = {isa = PBXBuildFile; fileRef = F0AC98282630EDC300DF1EA2 /* Repository.swift */; };
		F0AC982B2630EE1700DF1EA2 /* CartRepository.swift in Sources */ = {isa = PBXBuildFile; fileRef = F0AC982A2630EE1700DF1EA2 /* CartRepository.swift */; };
		F0AC982E2631399500DF1EA2 /* EditItemAlertController.swift in Sources */ = {isa = PBXBuildFile; fileRef = F0AC982D2631399500DF1EA2 /* EditItemAlertController.swift */; };
/* End PBXBuildFile section */

/* Begin PBXCopyFilesBuildPhase section */
		F0CB48B7262E258B00AF9141 /* Embed Frameworks */ = {
			isa = PBXCopyFilesBuildPhase;
			buildActionMask = 2147483647;
			dstPath = "";
			dstSubfolderSpec = 10;
			files = (
			);
			name = "Embed Frameworks";
			runOnlyForDeploymentPostprocessing = 0;
		};
/* End PBXCopyFilesBuildPhase section */

/* Begin PBXFileReference section */
		F03F7BF52628C41400E85E8E /* ios-supply.app */ = {isa = PBXFileReference; explicitFileType = wrapper.application; includeInIndex = 0; path = "ios-supply.app"; sourceTree = BUILT_PRODUCTS_DIR; };
		F03F7BF82628C41400E85E8E /* AppDelegate.swift */ = {isa = PBXFileReference; lastKnownFileType = sourcecode.swift; path = AppDelegate.swift; sourceTree = "<group>"; };
		F03F7C012628C41500E85E8E /* Assets.xcassets */ = {isa = PBXFileReference; lastKnownFileType = folder.assetcatalog; path = Assets.xcassets; sourceTree = "<group>"; };
		F03F7C042628C41500E85E8E /* Base */ = {isa = PBXFileReference; lastKnownFileType = file.storyboard; name = Base; path = Base.lproj/LaunchScreen.storyboard; sourceTree = "<group>"; };
		F03F7C062628C41500E85E8E /* Info.plist */ = {isa = PBXFileReference; lastKnownFileType = text.plist.xml; path = Info.plist; sourceTree = "<group>"; };
		F03F7C272628C70F00E85E8E /* NetworkManager.swift */ = {isa = PBXFileReference; lastKnownFileType = sourcecode.swift; path = NetworkManager.swift; sourceTree = "<group>"; };
		F03F7C442628D8FD00E85E8E /* ViewCodable.swift */ = {isa = PBXFileReference; lastKnownFileType = sourcecode.swift; path = ViewCodable.swift; sourceTree = "<group>"; };
		F03F7C492628DA8F00E85E8E /* View.swift */ = {isa = PBXFileReference; lastKnownFileType = sourcecode.swift; path = View.swift; sourceTree = "<group>"; };
		F03F7C4E2628DBB100E85E8E /* Controller.swift */ = {isa = PBXFileReference; lastKnownFileType = sourcecode.swift; path = Controller.swift; sourceTree = "<group>"; };
		F04132ED262CAAB70085705C /* Coordinator.swift */ = {isa = PBXFileReference; lastKnownFileType = sourcecode.swift; path = Coordinator.swift; sourceTree = "<group>"; };
		F04132FE262CB30E0085705C /* AppCoordinator.swift */ = {isa = PBXFileReference; lastKnownFileType = sourcecode.swift; path = AppCoordinator.swift; sourceTree = "<group>"; };
		F041330F262D20300085705C /* CartCoordinator.swift */ = {isa = PBXFileReference; lastKnownFileType = sourcecode.swift; path = CartCoordinator.swift; sourceTree = "<group>"; };
		F0413317262D20BA0085705C /* CartView.swift */ = {isa = PBXFileReference; lastKnownFileType = sourcecode.swift; path = CartView.swift; sourceTree = "<group>"; };
		F041331A262D22660085705C /* ItemViewModel.swift */ = {isa = PBXFileReference; lastKnownFileType = sourcecode.swift; path = ItemViewModel.swift; sourceTree = "<group>"; };
		F0413343262E09ED0085705C /* ItemCell.swift */ = {isa = PBXFileReference; lastKnownFileType = sourcecode.swift; path = ItemCell.swift; sourceTree = "<group>"; };
		F08F06CD262E1C9200BD18AF /* CartController.swift */ = {isa = PBXFileReference; lastKnownFileType = sourcecode.swift; path = CartController.swift; sourceTree = "<group>"; };
		F08F06D1262E1CB900BD18AF /* CartViewModel.swift */ = {isa = PBXFileReference; lastKnownFileType = sourcecode.swift; path = CartViewModel.swift; sourceTree = "<group>"; };
		F0AC98252630E89000DF1EA2 /* Item.swift */ = {isa = PBXFileReference; lastKnownFileType = sourcecode.swift; path = Item.swift; sourceTree = "<group>"; };
		F0AC98282630EDC300DF1EA2 /* Repository.swift */ = {isa = PBXFileReference; lastKnownFileType = sourcecode.swift; path = Repository.swift; sourceTree = "<group>"; };
		F0AC982A2630EE1700DF1EA2 /* CartRepository.swift */ = {isa = PBXFileReference; lastKnownFileType = sourcecode.swift; path = CartRepository.swift; sourceTree = "<group>"; };
		F0AC982D2631399500DF1EA2 /* EditItemAlertController.swift */ = {isa = PBXFileReference; lastKnownFileType = sourcecode.swift; path = EditItemAlertController.swift; sourceTree = "<group>"; };
		F0CB48B4262E258B00AF9141 /* XCTest.framework */ = {isa = PBXFileReference; lastKnownFileType = wrapper.framework; name = XCTest.framework; path = Platforms/iPhoneOS.platform/Developer/Library/Frameworks/XCTest.framework; sourceTree = DEVELOPER_DIR; };
/* End PBXFileReference section */

/* Begin PBXFrameworksBuildPhase section */
		F03F7BF22628C41400E85E8E /* Frameworks */ = {
			isa = PBXFrameworksBuildPhase;
			buildActionMask = 2147483647;
			files = (
				F08F06DB262E220500BD18AF /* RxRelay in Frameworks */,
				F03F7C252628C6D400E85E8E /* SnapKit in Frameworks */,
				F08F06DD262E220500BD18AF /* RxCocoa in Frameworks */,
				F03F7C212628C63E00E85E8E /* RxMoya in Frameworks */,
				F08F06DF262E220500BD18AF /* RxBlocking in Frameworks */,
				F08F06D7262E220500BD18AF /* RxSwift in Frameworks */,
				F03F7C1F2628C63E00E85E8E /* Moya in Frameworks */,
			);
			runOnlyForDeploymentPostprocessing = 0;
		};
/* End PBXFrameworksBuildPhase section */

/* Begin PBXGroup section */
		F03F7BEC2628C41400E85E8E = {
			isa = PBXGroup;
			children = (
				F03F7BF72628C41400E85E8E /* ios-supply */,
				F03F7BF62628C41400E85E8E /* Products */,
				F0CB48B3262E258B00AF9141 /* Frameworks */,
			);
			sourceTree = "<group>";
		};
		F03F7BF62628C41400E85E8E /* Products */ = {
			isa = PBXGroup;
			children = (
				F03F7BF52628C41400E85E8E /* ios-supply.app */,
			);
			name = Products;
			sourceTree = "<group>";
		};
		F03F7BF72628C41400E85E8E /* ios-supply */ = {
			isa = PBXGroup;
			children = (
				F08F06CB262E1C6300BD18AF /* Cart */,
				F0413346262E0A1F0085705C /* Coordinators */,
				F03F7C2A2628C71A00E85E8E /* Network */,
				F03F7C9B2629C83A00E85E8E /* Common */,
				F04132FE262CB30E0085705C /* AppCoordinator.swift */,
				F03F7BF82628C41400E85E8E /* AppDelegate.swift */,
				F03F7C012628C41500E85E8E /* Assets.xcassets */,
				F03F7C032628C41500E85E8E /* LaunchScreen.storyboard */,
				F03F7C062628C41500E85E8E /* Info.plist */,
			);
			path = "ios-supply";
			sourceTree = "<group>";
		};
		F03F7C2A2628C71A00E85E8E /* Network */ = {
			isa = PBXGroup;
			children = (
				F03F7C272628C70F00E85E8E /* NetworkManager.swift */,
			);
			path = Network;
			sourceTree = "<group>";
		};
		F03F7C9B2629C83A00E85E8E /* Common */ = {
			isa = PBXGroup;
			children = (
				F04132ED262CAAB70085705C /* Coordinator.swift */,
				F03F7C442628D8FD00E85E8E /* ViewCodable.swift */,
				F03F7C492628DA8F00E85E8E /* View.swift */,
				F03F7C4E2628DBB100E85E8E /* Controller.swift */,
				F0AC98282630EDC300DF1EA2 /* Repository.swift */,
			);
			path = Common;
			sourceTree = "<group>";
		};
		F0413342262E09DB0085705C /* Views */ = {
			isa = PBXGroup;
			children = (
				F0413343262E09ED0085705C /* ItemCell.swift */,
				F0413317262D20BA0085705C /* CartView.swift */,
			);
			path = Views;
			sourceTree = "<group>";
		};
		F0413346262E0A1F0085705C /* Coordinators */ = {
			isa = PBXGroup;
			children = (
				F041330F262D20300085705C /* CartCoordinator.swift */,
			);
			path = Coordinators;
			sourceTree = "<group>";
		};
		F08F06CB262E1C6300BD18AF /* Cart */ = {
			isa = PBXGroup;
			children = (
				F0413342262E09DB0085705C /* Views */,
				F08F06D0262E1CA900BD18AF /* View Models */,
				F08F06CC262E1C7700BD18AF /* Controllers */,
				F0AC98242630E84F00DF1EA2 /* Models */,
				F0AC98272630EDA700DF1EA2 /* Repositories */,
			);
			path = Cart;
			sourceTree = "<group>";
		};
		F08F06CC262E1C7700BD18AF /* Controllers */ = {
			isa = PBXGroup;
			children = (
				F08F06CD262E1C9200BD18AF /* CartController.swift */,
				F0AC982D2631399500DF1EA2 /* EditItemAlertController.swift */,
			);
			path = Controllers;
			sourceTree = "<group>";
		};
		F08F06D0262E1CA900BD18AF /* View Models */ = {
			isa = PBXGroup;
			children = (
				F041331A262D22660085705C /* ItemViewModel.swift */,
				F08F06D1262E1CB900BD18AF /* CartViewModel.swift */,
			);
			path = "View Models";
			sourceTree = "<group>";
		};
		F0AC98242630E84F00DF1EA2 /* Models */ = {
			isa = PBXGroup;
			children = (
				F0AC98252630E89000DF1EA2 /* Item.swift */,
			);
			path = Models;
			sourceTree = "<group>";
		};
		F0AC98272630EDA700DF1EA2 /* Repositories */ = {
			isa = PBXGroup;
			children = (
				F0AC982A2630EE1700DF1EA2 /* CartRepository.swift */,
			);
			path = Repositories;
			sourceTree = "<group>";
		};
		F0CB48B3262E258B00AF9141 /* Frameworks */ = {
			isa = PBXGroup;
			children = (
				F0CB48B4262E258B00AF9141 /* XCTest.framework */,
			);
			name = Frameworks;
			sourceTree = "<group>";
		};
/* End PBXGroup section */

/* Begin PBXNativeTarget section */
		F03F7BF42628C41400E85E8E /* ios-supply */ = {
			isa = PBXNativeTarget;
			buildConfigurationList = F03F7C092628C41500E85E8E /* Build configuration list for PBXNativeTarget "ios-supply" */;
			buildPhases = (
				F03F7BF12628C41400E85E8E /* Sources */,
				F03F7BF22628C41400E85E8E /* Frameworks */,
				F03F7BF32628C41400E85E8E /* Resources */,
				F0CB48B7262E258B00AF9141 /* Embed Frameworks */,
			);
			buildRules = (
			);
			dependencies = (
			);
			name = "ios-supply";
			packageProductDependencies = (
				F03F7C1E2628C63E00E85E8E /* Moya */,
				F03F7C202628C63E00E85E8E /* RxMoya */,
				F03F7C242628C6D400E85E8E /* SnapKit */,
				F08F06D6262E220500BD18AF /* RxSwift */,
				F08F06DA262E220500BD18AF /* RxRelay */,
				F08F06DC262E220500BD18AF /* RxCocoa */,
				F08F06DE262E220500BD18AF /* RxBlocking */,
			);
			productName = "ios-supply";
			productReference = F03F7BF52628C41400E85E8E /* ios-supply.app */;
			productType = "com.apple.product-type.application";
		};
/* End PBXNativeTarget section */

/* Begin PBXProject section */
		F03F7BED2628C41400E85E8E /* Project object */ = {
			isa = PBXProject;
			attributes = {
				LastSwiftUpdateCheck = 1240;
				LastUpgradeCheck = 1240;
				TargetAttributes = {
					F03F7BF42628C41400E85E8E = {
						CreatedOnToolsVersion = 12.4;
					};
				};
			};
			buildConfigurationList = F03F7BF02628C41400E85E8E /* Build configuration list for PBXProject "ios-supply" */;
			compatibilityVersion = "Xcode 9.3";
			developmentRegion = en;
			hasScannedForEncodings = 0;
			knownRegions = (
				en,
				Base,
			);
			mainGroup = F03F7BEC2628C41400E85E8E;
			packageReferences = (
				F03F7C1D2628C63E00E85E8E /* XCRemoteSwiftPackageReference "Moya" */,
				F03F7C232628C6D400E85E8E /* XCRemoteSwiftPackageReference "SnapKit" */,
				F08F06D5262E220500BD18AF /* XCRemoteSwiftPackageReference "RxSwift" */,
			);
			productRefGroup = F03F7BF62628C41400E85E8E /* Products */;
			projectDirPath = "";
			projectRoot = "";
			targets = (
				F03F7BF42628C41400E85E8E /* ios-supply */,
			);
		};
/* End PBXProject section */

/* Begin PBXResourcesBuildPhase section */
		F03F7BF32628C41400E85E8E /* Resources */ = {
			isa = PBXResourcesBuildPhase;
			buildActionMask = 2147483647;
			files = (
				F03F7C052628C41500E85E8E /* LaunchScreen.storyboard in Resources */,
				F03F7C022628C41500E85E8E /* Assets.xcassets in Resources */,
			);
			runOnlyForDeploymentPostprocessing = 0;
		};
/* End PBXResourcesBuildPhase section */

/* Begin PBXSourcesBuildPhase section */
		F03F7BF12628C41400E85E8E /* Sources */ = {
			isa = PBXSourcesBuildPhase;
			buildActionMask = 2147483647;
			files = (
				F04132EE262CAAB70085705C /* Coordinator.swift in Sources */,
				F0413318262D20BA0085705C /* CartView.swift in Sources */,
				F08F06CE262E1C9200BD18AF /* CartController.swift in Sources */,
				F03F7C4A2628DA8F00E85E8E /* View.swift in Sources */,
				F0AC982E2631399500DF1EA2 /* EditItemAlertController.swift in Sources */,
				F041331B262D22660085705C /* ItemViewModel.swift in Sources */,
				F0AC98262630E89000DF1EA2 /* Item.swift in Sources */,
				F0413344262E09ED0085705C /* ItemCell.swift in Sources */,
				F0AC982B2630EE1700DF1EA2 /* CartRepository.swift in Sources */,
				F03F7C4F2628DBB100E85E8E /* Controller.swift in Sources */,
				F0AC98292630EDC300DF1EA2 /* Repository.swift in Sources */,
				F04132FF262CB30E0085705C /* AppCoordinator.swift in Sources */,
				F0413310262D20300085705C /* CartCoordinator.swift in Sources */,
				F03F7C282628C70F00E85E8E /* NetworkManager.swift in Sources */,
				F03F7C452628D8FD00E85E8E /* ViewCodable.swift in Sources */,
				F03F7BF92628C41400E85E8E /* AppDelegate.swift in Sources */,
				F08F06D2262E1CB900BD18AF /* CartViewModel.swift in Sources */,
			);
			runOnlyForDeploymentPostprocessing = 0;
		};
/* End PBXSourcesBuildPhase section */

/* Begin PBXVariantGroup section */
		F03F7C032628C41500E85E8E /* LaunchScreen.storyboard */ = {
			isa = PBXVariantGroup;
			children = (
				F03F7C042628C41500E85E8E /* Base */,
			);
			name = LaunchScreen.storyboard;
			sourceTree = "<group>";
		};
/* End PBXVariantGroup section */

/* Begin XCBuildConfiguration section */
		F03F7C072628C41500E85E8E /* Debug */ = {
			isa = XCBuildConfiguration;
			buildSettings = {
				ALWAYS_SEARCH_USER_PATHS = NO;
				CLANG_ANALYZER_NONNULL = YES;
				CLANG_ANALYZER_NUMBER_OBJECT_CONVERSION = YES_AGGRESSIVE;
				CLANG_CXX_LANGUAGE_STANDARD = "gnu++14";
				CLANG_CXX_LIBRARY = "libc++";
				CLANG_ENABLE_MODULES = YES;
				CLANG_ENABLE_OBJC_ARC = YES;
				CLANG_ENABLE_OBJC_WEAK = YES;
				CLANG_WARN_BLOCK_CAPTURE_AUTORELEASING = YES;
				CLANG_WARN_BOOL_CONVERSION = YES;
				CLANG_WARN_COMMA = YES;
				CLANG_WARN_CONSTANT_CONVERSION = YES;
				CLANG_WARN_DEPRECATED_OBJC_IMPLEMENTATIONS = YES;
				CLANG_WARN_DIRECT_OBJC_ISA_USAGE = YES_ERROR;
				CLANG_WARN_DOCUMENTATION_COMMENTS = YES;
				CLANG_WARN_EMPTY_BODY = YES;
				CLANG_WARN_ENUM_CONVERSION = YES;
				CLANG_WARN_INFINITE_RECURSION = YES;
				CLANG_WARN_INT_CONVERSION = YES;
				CLANG_WARN_NON_LITERAL_NULL_CONVERSION = YES;
				CLANG_WARN_OBJC_IMPLICIT_RETAIN_SELF = YES;
				CLANG_WARN_OBJC_LITERAL_CONVERSION = YES;
				CLANG_WARN_OBJC_ROOT_CLASS = YES_ERROR;
				CLANG_WARN_QUOTED_INCLUDE_IN_FRAMEWORK_HEADER = YES;
				CLANG_WARN_RANGE_LOOP_ANALYSIS = YES;
				CLANG_WARN_STRICT_PROTOTYPES = YES;
				CLANG_WARN_SUSPICIOUS_MOVE = YES;
				CLANG_WARN_UNGUARDED_AVAILABILITY = YES_AGGRESSIVE;
				CLANG_WARN_UNREACHABLE_CODE = YES;
				CLANG_WARN__DUPLICATE_METHOD_MATCH = YES;
				COPY_PHASE_STRIP = NO;
				DEBUG_INFORMATION_FORMAT = dwarf;
				ENABLE_STRICT_OBJC_MSGSEND = YES;
				ENABLE_TESTABILITY = YES;
				GCC_C_LANGUAGE_STANDARD = gnu11;
				GCC_DYNAMIC_NO_PIC = NO;
				GCC_NO_COMMON_BLOCKS = YES;
				GCC_OPTIMIZATION_LEVEL = 0;
				GCC_PREPROCESSOR_DEFINITIONS = (
					"DEBUG=1",
					"$(inherited)",
				);
				GCC_WARN_64_TO_32_BIT_CONVERSION = YES;
				GCC_WARN_ABOUT_RETURN_TYPE = YES_ERROR;
				GCC_WARN_UNDECLARED_SELECTOR = YES;
				GCC_WARN_UNINITIALIZED_AUTOS = YES_AGGRESSIVE;
				GCC_WARN_UNUSED_FUNCTION = YES;
				GCC_WARN_UNUSED_VARIABLE = YES;
				IPHONEOS_DEPLOYMENT_TARGET = 12.1;
				MTL_ENABLE_DEBUG_INFO = INCLUDE_SOURCE;
				MTL_FAST_MATH = YES;
				ONLY_ACTIVE_ARCH = YES;
				SDKROOT = iphoneos;
				SWIFT_ACTIVE_COMPILATION_CONDITIONS = DEBUG;
				SWIFT_OPTIMIZATION_LEVEL = "-Onone";
			};
			name = Debug;
		};
		F03F7C082628C41500E85E8E /* Release */ = {
			isa = XCBuildConfiguration;
			buildSettings = {
				ALWAYS_SEARCH_USER_PATHS = NO;
				CLANG_ANALYZER_NONNULL = YES;
				CLANG_ANALYZER_NUMBER_OBJECT_CONVERSION = YES_AGGRESSIVE;
				CLANG_CXX_LANGUAGE_STANDARD = "gnu++14";
				CLANG_CXX_LIBRARY = "libc++";
				CLANG_ENABLE_MODULES = YES;
				CLANG_ENABLE_OBJC_ARC = YES;
				CLANG_ENABLE_OBJC_WEAK = YES;
				CLANG_WARN_BLOCK_CAPTURE_AUTORELEASING = YES;
				CLANG_WARN_BOOL_CONVERSION = YES;
				CLANG_WARN_COMMA = YES;
				CLANG_WARN_CONSTANT_CONVERSION = YES;
				CLANG_WARN_DEPRECATED_OBJC_IMPLEMENTATIONS = YES;
				CLANG_WARN_DIRECT_OBJC_ISA_USAGE = YES_ERROR;
				CLANG_WARN_DOCUMENTATION_COMMENTS = YES;
				CLANG_WARN_EMPTY_BODY = YES;
				CLANG_WARN_ENUM_CONVERSION = YES;
				CLANG_WARN_INFINITE_RECURSION = YES;
				CLANG_WARN_INT_CONVERSION = YES;
				CLANG_WARN_NON_LITERAL_NULL_CONVERSION = YES;
				CLANG_WARN_OBJC_IMPLICIT_RETAIN_SELF = YES;
				CLANG_WARN_OBJC_LITERAL_CONVERSION = YES;
				CLANG_WARN_OBJC_ROOT_CLASS = YES_ERROR;
				CLANG_WARN_QUOTED_INCLUDE_IN_FRAMEWORK_HEADER = YES;
				CLANG_WARN_RANGE_LOOP_ANALYSIS = YES;
				CLANG_WARN_STRICT_PROTOTYPES = YES;
				CLANG_WARN_SUSPICIOUS_MOVE = YES;
				CLANG_WARN_UNGUARDED_AVAILABILITY = YES_AGGRESSIVE;
				CLANG_WARN_UNREACHABLE_CODE = YES;
				CLANG_WARN__DUPLICATE_METHOD_MATCH = YES;
				COPY_PHASE_STRIP = NO;
				DEBUG_INFORMATION_FORMAT = "dwarf-with-dsym";
				ENABLE_NS_ASSERTIONS = NO;
				ENABLE_STRICT_OBJC_MSGSEND = YES;
				GCC_C_LANGUAGE_STANDARD = gnu11;
				GCC_NO_COMMON_BLOCKS = YES;
				GCC_WARN_64_TO_32_BIT_CONVERSION = YES;
				GCC_WARN_ABOUT_RETURN_TYPE = YES_ERROR;
				GCC_WARN_UNDECLARED_SELECTOR = YES;
				GCC_WARN_UNINITIALIZED_AUTOS = YES_AGGRESSIVE;
				GCC_WARN_UNUSED_FUNCTION = YES;
				GCC_WARN_UNUSED_VARIABLE = YES;
				IPHONEOS_DEPLOYMENT_TARGET = 12.1;
				MTL_ENABLE_DEBUG_INFO = NO;
				MTL_FAST_MATH = YES;
				SDKROOT = iphoneos;
				SWIFT_COMPILATION_MODE = wholemodule;
				SWIFT_OPTIMIZATION_LEVEL = "-O";
				VALIDATE_PRODUCT = YES;
			};
			name = Release;
		};
		F03F7C0A2628C41500E85E8E /* Debug */ = {
			isa = XCBuildConfiguration;
			buildSettings = {
				ASSETCATALOG_COMPILER_APPICON_NAME = AppIcon;
				ASSETCATALOG_COMPILER_GLOBAL_ACCENT_COLOR_NAME = AccentColor;
				CODE_SIGN_STYLE = Automatic;
				DEVELOPMENT_TEAM = 8U7PMPGVRD;
				INFOPLIST_FILE = "ios-supply/Info.plist";
				LD_RUNPATH_SEARCH_PATHS = (
					"$(inherited)",
					"@executable_path/Frameworks",
				);
				PRODUCT_BUNDLE_IDENTIFIER = "com.odeko.ios-supply";
				PRODUCT_NAME = "$(TARGET_NAME)";
				SWIFT_VERSION = 5.0;
				TARGETED_DEVICE_FAMILY = "1,2";
			};
			name = Debug;
		};
		F03F7C0B2628C41500E85E8E /* Release */ = {
			isa = XCBuildConfiguration;
			buildSettings = {
				ASSETCATALOG_COMPILER_APPICON_NAME = AppIcon;
				ASSETCATALOG_COMPILER_GLOBAL_ACCENT_COLOR_NAME = AccentColor;
				CODE_SIGN_STYLE = Automatic;
				DEVELOPMENT_TEAM = 8U7PMPGVRD;
				INFOPLIST_FILE = "ios-supply/Info.plist";
				LD_RUNPATH_SEARCH_PATHS = (
					"$(inherited)",
					"@executable_path/Frameworks",
				);
				PRODUCT_BUNDLE_IDENTIFIER = "com.odeko.ios-supply";
				PRODUCT_NAME = "$(TARGET_NAME)";
				SWIFT_VERSION = 5.0;
				TARGETED_DEVICE_FAMILY = "1,2";
			};
			name = Release;
		};
/* End XCBuildConfiguration section */

/* Begin XCConfigurationList section */
		F03F7BF02628C41400E85E8E /* Build configuration list for PBXProject "ios-supply" */ = {
			isa = XCConfigurationList;
			buildConfigurations = (
				F03F7C072628C41500E85E8E /* Debug */,
				F03F7C082628C41500E85E8E /* Release */,
			);
			defaultConfigurationIsVisible = 0;
			defaultConfigurationName = Release;
		};
		F03F7C092628C41500E85E8E /* Build configuration list for PBXNativeTarget "ios-supply" */ = {
			isa = XCConfigurationList;
			buildConfigurations = (
				F03F7C0A2628C41500E85E8E /* Debug */,
				F03F7C0B2628C41500E85E8E /* Release */,
			);
			defaultConfigurationIsVisible = 0;
			defaultConfigurationName = Release;
		};
/* End XCConfigurationList section */

/* Begin XCRemoteSwiftPackageReference section */
		F03F7C1D2628C63E00E85E8E /* XCRemoteSwiftPackageReference "Moya" */ = {
			isa = XCRemoteSwiftPackageReference;
			repositoryURL = "https://github.com/Moya/Moya";
			requirement = {
				kind = upToNextMajorVersion;
				minimumVersion = 14.0.1;
			};
		};
		F03F7C232628C6D400E85E8E /* XCRemoteSwiftPackageReference "SnapKit" */ = {
			isa = XCRemoteSwiftPackageReference;
			repositoryURL = "https://github.com/SnapKit/SnapKit";
			requirement = {
				kind = upToNextMajorVersion;
				minimumVersion = 5.0.1;
			};
		};
		F08F06D5262E220500BD18AF /* XCRemoteSwiftPackageReference "RxSwift" */ = {
			isa = XCRemoteSwiftPackageReference;
			repositoryURL = "https://github.com/ReactiveX/RxSwift";
			requirement = {
				kind = upToNextMajorVersion;
				minimumVersion = 5.0.0;
			};
		};
/* End XCRemoteSwiftPackageReference section */

/* Begin XCSwiftPackageProductDependency section */
		F03F7C1E2628C63E00E85E8E /* Moya */ = {
			isa = XCSwiftPackageProductDependency;
			package = F03F7C1D2628C63E00E85E8E /* XCRemoteSwiftPackageReference "Moya" */;
			productName = Moya;
		};
		F03F7C202628C63E00E85E8E /* RxMoya */ = {
			isa = XCSwiftPackageProductDependency;
			package = F03F7C1D2628C63E00E85E8E /* XCRemoteSwiftPackageReference "Moya" */;
			productName = RxMoya;
		};
		F03F7C242628C6D400E85E8E /* SnapKit */ = {
			isa = XCSwiftPackageProductDependency;
			package = F03F7C232628C6D400E85E8E /* XCRemoteSwiftPackageReference "SnapKit" */;
			productName = SnapKit;
		};
		F08F06D6262E220500BD18AF /* RxSwift */ = {
			isa = XCSwiftPackageProductDependency;
			package = F08F06D5262E220500BD18AF /* XCRemoteSwiftPackageReference "RxSwift" */;
			productName = RxSwift;
		};
		F08F06DA262E220500BD18AF /* RxRelay */ = {
			isa = XCSwiftPackageProductDependency;
			package = F08F06D5262E220500BD18AF /* XCRemoteSwiftPackageReference "RxSwift" */;
			productName = RxRelay;
		};
		F08F06DC262E220500BD18AF /* RxCocoa */ = {
			isa = XCSwiftPackageProductDependency;
			package = F08F06D5262E220500BD18AF /* XCRemoteSwiftPackageReference "RxSwift" */;
			productName = RxCocoa;
		};
		F08F06DE262E220500BD18AF /* RxBlocking */ = {
			isa = XCSwiftPackageProductDependency;
			package = F08F06D5262E220500BD18AF /* XCRemoteSwiftPackageReference "RxSwift" */;
			productName = RxBlocking;
		};
/* End XCSwiftPackageProductDependency section */
	};
	rootObject = F03F7BED2628C41400E85E8E /* Project object */;
}
